
Microsoft Visual Studio Solution File, Format Version 12.00
# Visual Studio Version 16
VisualStudioVersion = 16.0.28729.10
MinimumVisualStudioVersion = 10.0.40219.1
Project("{FAE04EC0-301F-11D3-BF4B-00C04F79EFBC}") = "CricketClubMiddle", "CricketClubMiddle\CricketClubMiddle.csproj", "{CD12D113-CEEC-4D3B-B258-7B647D8F83E9}"
	ProjectSection(ProjectDependencies) = postProject
		{44A25B27-75C4-4F75-B6C1-DF3203229E59} = {44A25B27-75C4-4F75-B6C1-DF3203229E59}
		{1CC6DF73-AC0E-43C9-8B78-7F8023E3AD40} = {1CC6DF73-AC0E-43C9-8B78-7F8023E3AD40}
	EndProjectSection
EndProject
Project("{FAE04EC0-301F-11D3-BF4B-00C04F79EFBC}") = "CricketClubDAL", "..\CricketClubDAL\CricketClubDAL\CricketClubDAL.csproj", "{1CC6DF73-AC0E-43C9-8B78-7F8023E3AD40}"
	ProjectSection(ProjectDependencies) = postProject
		{44A25B27-75C4-4F75-B6C1-DF3203229E59} = {44A25B27-75C4-4F75-B6C1-DF3203229E59}
	EndProjectSection
EndProject
Project("{FAE04EC0-301F-11D3-BF4B-00C04F79EFBC}") = "TestHarness", "TestHarness\TestHarness.csproj", "{84E22892-D45B-4106-9785-93193C7645FD}"
	ProjectSection(ProjectDependencies) = postProject
		{109FD55B-E2E7-4014-A932-4DF5DEB23C71} = {109FD55B-E2E7-4014-A932-4DF5DEB23C71}
		{1CC6DF73-AC0E-43C9-8B78-7F8023E3AD40} = {1CC6DF73-AC0E-43C9-8B78-7F8023E3AD40}
	EndProjectSection
EndProject
Project("{FAE04EC0-301F-11D3-BF4B-00C04F79EFBC}") = "CricketClubDomain", "..\CricketClubDomain\CricketClubDomain.csproj", "{44A25B27-75C4-4F75-B6C1-DF3203229E59}"
EndProject
Project("{FAE04EC0-301F-11D3-BF4B-00C04F79EFBC}") = "CricketClubAccounts", "CricketClubAccounts\CricketClubAccounts.csproj", "{109FD55B-E2E7-4014-A932-4DF5DEB23C71}"
	ProjectSection(ProjectDependencies) = postProject
		{CD12D113-CEEC-4D3B-B258-7B647D8F83E9} = {CD12D113-CEEC-4D3B-B258-7B647D8F83E9}
	EndProjectSection
EndProject
Project("{FAE04EC0-301F-11D3-BF4B-00C04F79EFBC}") = "CricketClubFantasyFives", "CricketClubFantasyFives\CricketClubFantasyFives.csproj", "{461797DA-B0BE-4BF6-92F1-E0E460598D65}"
	ProjectSection(ProjectDependencies) = postProject
		{CD12D113-CEEC-4D3B-B258-7B647D8F83E9} = {CD12D113-CEEC-4D3B-B258-7B647D8F83E9}
	EndProjectSection
EndProject
Project("{E24C65DC-7377-472B-9ABA-BC803B73C61A}") = "thevillagecc", "http://localhost:53619", "{4B9A0EBE-F691-49CA-9838-CF5B0A17190C}"
	ProjectSection(WebsiteProperties) = preProject
		UseIISExpress = "true"
		TargetFrameworkMoniker = ".NETFramework,Version%3Dv4.7.2"
		ProjectReferences = "{CD12D113-CEEC-4D3B-B258-7B647D8F83E9}|CricketClubMiddle.dll;{1CC6DF73-AC0E-43C9-8B78-7F8023E3AD40}|CricketClubDAL.dll;{44A25B27-75C4-4F75-B6C1-DF3203229E59}|CricketClubDomain.dll;{109FD55B-E2E7-4014-A932-4DF5DEB23C71}|CricketClubAccounts.dll;{60CBD334-7816-432D-ADBD-EB00933F12E5}|jqPlot.dll;"
		Debug.AspNetCompiler.VirtualPath = "/TheVillageCC"
		Debug.AspNetCompiler.PhysicalPath = "..\..\thevillagecc\"
		Debug.AspNetCompiler.TargetPath = "PrecompiledWeb\TheVillageCC\"
		Debug.AspNetCompiler.Updateable = "true"
		Debug.AspNetCompiler.ForceOverwrite = "true"
		Debug.AspNetCompiler.FixedNames = "false"
		Debug.AspNetCompiler.Debug = "True"
		Release.AspNetCompiler.VirtualPath = "/TheVillageCC"
		Release.AspNetCompiler.PhysicalPath = "..\..\thevillagecc\"
		Release.AspNetCompiler.TargetPath = "PrecompiledWeb\TheVillageCC\"
		Release.AspNetCompiler.Updateable = "true"
		Release.AspNetCompiler.ForceOverwrite = "true"
		Release.AspNetCompiler.FixedNames = "false"
		Release.AspNetCompiler.Debug = "False"
		SlnRelativePath = "..\..\thevillagecc\"
	EndProjectSection
EndProject
Project("{2150E333-8FDC-42A3-9474-1A3956D46DE8}") = "Tests", "Tests", "{9721E4B0-26D2-4950-A369-71D68D63562D}"
EndProject
Project("{FAE04EC0-301F-11D3-BF4B-00C04F79EFBC}") = "CricketClub.Tests", "..\Tests\CricketClub.Tests\CricketClub.Tests.csproj", "{B3ECCD1D-3EF7-4928-86B4-29817E6BADFD}"
EndProject
Project("{FAE04EC0-301F-11D3-BF4B-00C04F79EFBC}") = "jqPlot", "..\..\jqplotforcsharp\jqPlot\jqPlot.csproj", "{60CBD334-7816-432D-ADBD-EB00933F12E5}"
EndProject
Global
	GlobalSection(SolutionConfigurationPlatforms) = preSolution
		Ad-Hoc|Any CPU = Ad-Hoc|Any CPU
		Ad-Hoc|ARM = Ad-Hoc|ARM
		Ad-Hoc|iPhone = Ad-Hoc|iPhone
		Ad-Hoc|iPhoneSimulator = Ad-Hoc|iPhoneSimulator
		Ad-Hoc|x64 = Ad-Hoc|x64
		Ad-Hoc|x86 = Ad-Hoc|x86
		AppStore|Any CPU = AppStore|Any CPU
		AppStore|ARM = AppStore|ARM
		AppStore|iPhone = AppStore|iPhone
		AppStore|iPhoneSimulator = AppStore|iPhoneSimulator
		AppStore|x64 = AppStore|x64
		AppStore|x86 = AppStore|x86
		Debug|Any CPU = Debug|Any CPU
		Debug|ARM = Debug|ARM
		Debug|iPhone = Debug|iPhone
		Debug|iPhoneSimulator = Debug|iPhoneSimulator
		Debug|x64 = Debug|x64
		Debug|x86 = Debug|x86
		Release|Any CPU = Release|Any CPU
		Release|ARM = Release|ARM
		Release|iPhone = Release|iPhone
		Release|iPhoneSimulator = Release|iPhoneSimulator
		Release|x64 = Release|x64
		Release|x86 = Release|x86
	EndGlobalSection
	GlobalSection(ProjectConfigurationPlatforms) = postSolution
		{CD12D113-CEEC-4D3B-B258-7B647D8F83E9}.Ad-Hoc|Any CPU.ActiveCfg = Release|Any CPU
		{CD12D113-CEEC-4D3B-B258-7B647D8F83E9}.Ad-Hoc|Any CPU.Build.0 = Release|Any CPU
		{CD12D113-CEEC-4D3B-B258-7B647D8F83E9}.Ad-Hoc|ARM.ActiveCfg = Release|Any CPU
		{CD12D113-CEEC-4D3B-B258-7B647D8F83E9}.Ad-Hoc|ARM.Build.0 = Release|Any CPU
		{CD12D113-CEEC-4D3B-B258-7B647D8F83E9}.Ad-Hoc|iPhone.ActiveCfg = Release|Any CPU
		{CD12D113-CEEC-4D3B-B258-7B647D8F83E9}.Ad-Hoc|iPhone.Build.0 = Release|Any CPU
		{CD12D113-CEEC-4D3B-B258-7B647D8F83E9}.Ad-Hoc|iPhoneSimulator.ActiveCfg = Release|Any CPU
		{CD12D113-CEEC-4D3B-B258-7B647D8F83E9}.Ad-Hoc|iPhoneSimulator.Build.0 = Release|Any CPU
		{CD12D113-CEEC-4D3B-B258-7B647D8F83E9}.Ad-Hoc|x64.ActiveCfg = Release|Any CPU
		{CD12D113-CEEC-4D3B-B258-7B647D8F83E9}.Ad-Hoc|x64.Build.0 = Release|Any CPU
		{CD12D113-CEEC-4D3B-B258-7B647D8F83E9}.Ad-Hoc|x86.ActiveCfg = Release|x86
		{CD12D113-CEEC-4D3B-B258-7B647D8F83E9}.Ad-Hoc|x86.Build.0 = Release|x86
		{CD12D113-CEEC-4D3B-B258-7B647D8F83E9}.AppStore|Any CPU.ActiveCfg = Release|Any CPU
		{CD12D113-CEEC-4D3B-B258-7B647D8F83E9}.AppStore|Any CPU.Build.0 = Release|Any CPU
		{CD12D113-CEEC-4D3B-B258-7B647D8F83E9}.AppStore|ARM.ActiveCfg = Release|Any CPU
		{CD12D113-CEEC-4D3B-B258-7B647D8F83E9}.AppStore|ARM.Build.0 = Release|Any CPU
		{CD12D113-CEEC-4D3B-B258-7B647D8F83E9}.AppStore|iPhone.ActiveCfg = Release|Any CPU
		{CD12D113-CEEC-4D3B-B258-7B647D8F83E9}.AppStore|iPhone.Build.0 = Release|Any CPU
		{CD12D113-CEEC-4D3B-B258-7B647D8F83E9}.AppStore|iPhoneSimulator.ActiveCfg = Release|Any CPU
		{CD12D113-CEEC-4D3B-B258-7B647D8F83E9}.AppStore|iPhoneSimulator.Build.0 = Release|Any CPU
		{CD12D113-CEEC-4D3B-B258-7B647D8F83E9}.AppStore|x64.ActiveCfg = Release|Any CPU
		{CD12D113-CEEC-4D3B-B258-7B647D8F83E9}.AppStore|x64.Build.0 = Release|Any CPU
		{CD12D113-CEEC-4D3B-B258-7B647D8F83E9}.AppStore|x86.ActiveCfg = Release|x86
		{CD12D113-CEEC-4D3B-B258-7B647D8F83E9}.AppStore|x86.Build.0 = Release|x86
		{CD12D113-CEEC-4D3B-B258-7B647D8F83E9}.Debug|Any CPU.ActiveCfg = Debug|Any CPU
		{CD12D113-CEEC-4D3B-B258-7B647D8F83E9}.Debug|Any CPU.Build.0 = Debug|Any CPU
		{CD12D113-CEEC-4D3B-B258-7B647D8F83E9}.Debug|ARM.ActiveCfg = Debug|Any CPU
		{CD12D113-CEEC-4D3B-B258-7B647D8F83E9}.Debug|ARM.Build.0 = Debug|Any CPU
		{CD12D113-CEEC-4D3B-B258-7B647D8F83E9}.Debug|iPhone.ActiveCfg = Debug|Any CPU
		{CD12D113-CEEC-4D3B-B258-7B647D8F83E9}.Debug|iPhone.Build.0 = Debug|Any CPU
		{CD12D113-CEEC-4D3B-B258-7B647D8F83E9}.Debug|iPhoneSimulator.ActiveCfg = Debug|Any CPU
		{CD12D113-CEEC-4D3B-B258-7B647D8F83E9}.Debug|iPhoneSimulator.Build.0 = Debug|Any CPU
		{CD12D113-CEEC-4D3B-B258-7B647D8F83E9}.Debug|x64.ActiveCfg = Debug|Any CPU
		{CD12D113-CEEC-4D3B-B258-7B647D8F83E9}.Debug|x64.Build.0 = Debug|Any CPU
		{CD12D113-CEEC-4D3B-B258-7B647D8F83E9}.Debug|x86.ActiveCfg = Debug|x86
		{CD12D113-CEEC-4D3B-B258-7B647D8F83E9}.Debug|x86.Build.0 = Debug|x86
		{CD12D113-CEEC-4D3B-B258-7B647D8F83E9}.Release|Any CPU.ActiveCfg = Release|Any CPU
		{CD12D113-CEEC-4D3B-B258-7B647D8F83E9}.Release|Any CPU.Build.0 = Release|Any CPU
		{CD12D113-CEEC-4D3B-B258-7B647D8F83E9}.Release|ARM.ActiveCfg = Release|Any CPU
		{CD12D113-CEEC-4D3B-B258-7B647D8F83E9}.Release|ARM.Build.0 = Release|Any CPU
		{CD12D113-CEEC-4D3B-B258-7B647D8F83E9}.Release|iPhone.ActiveCfg = Release|Any CPU
		{CD12D113-CEEC-4D3B-B258-7B647D8F83E9}.Release|iPhone.Build.0 = Release|Any CPU
		{CD12D113-CEEC-4D3B-B258-7B647D8F83E9}.Release|iPhoneSimulator.ActiveCfg = Release|Any CPU
		{CD12D113-CEEC-4D3B-B258-7B647D8F83E9}.Release|iPhoneSimulator.Build.0 = Release|Any CPU
		{CD12D113-CEEC-4D3B-B258-7B647D8F83E9}.Release|x64.ActiveCfg = Release|Any CPU
		{CD12D113-CEEC-4D3B-B258-7B647D8F83E9}.Release|x64.Build.0 = Release|Any CPU
		{CD12D113-CEEC-4D3B-B258-7B647D8F83E9}.Release|x86.ActiveCfg = Release|x86
		{CD12D113-CEEC-4D3B-B258-7B647D8F83E9}.Release|x86.Build.0 = Release|x86
		{1CC6DF73-AC0E-43C9-8B78-7F8023E3AD40}.Ad-Hoc|Any CPU.ActiveCfg = Release|Any CPU
		{1CC6DF73-AC0E-43C9-8B78-7F8023E3AD40}.Ad-Hoc|Any CPU.Build.0 = Release|Any CPU
		{1CC6DF73-AC0E-43C9-8B78-7F8023E3AD40}.Ad-Hoc|ARM.ActiveCfg = Release|Any CPU
		{1CC6DF73-AC0E-43C9-8B78-7F8023E3AD40}.Ad-Hoc|ARM.Build.0 = Release|Any CPU
		{1CC6DF73-AC0E-43C9-8B78-7F8023E3AD40}.Ad-Hoc|iPhone.ActiveCfg = Release|Any CPU
		{1CC6DF73-AC0E-43C9-8B78-7F8023E3AD40}.Ad-Hoc|iPhone.Build.0 = Release|Any CPU
		{1CC6DF73-AC0E-43C9-8B78-7F8023E3AD40}.Ad-Hoc|iPhoneSimulator.ActiveCfg = Release|Any CPU
		{1CC6DF73-AC0E-43C9-8B78-7F8023E3AD40}.Ad-Hoc|iPhoneSimulator.Build.0 = Release|Any CPU
		{1CC6DF73-AC0E-43C9-8B78-7F8023E3AD40}.Ad-Hoc|x64.ActiveCfg = Release|Any CPU
		{1CC6DF73-AC0E-43C9-8B78-7F8023E3AD40}.Ad-Hoc|x64.Build.0 = Release|Any CPU
		{1CC6DF73-AC0E-43C9-8B78-7F8023E3AD40}.Ad-Hoc|x86.ActiveCfg = Release|x86
		{1CC6DF73-AC0E-43C9-8B78-7F8023E3AD40}.Ad-Hoc|x86.Build.0 = Release|x86
		{1CC6DF73-AC0E-43C9-8B78-7F8023E3AD40}.AppStore|Any CPU.ActiveCfg = Release|Any CPU
		{1CC6DF73-AC0E-43C9-8B78-7F8023E3AD40}.AppStore|Any CPU.Build.0 = Release|Any CPU
		{1CC6DF73-AC0E-43C9-8B78-7F8023E3AD40}.AppStore|ARM.ActiveCfg = Release|Any CPU
		{1CC6DF73-AC0E-43C9-8B78-7F8023E3AD40}.AppStore|ARM.Build.0 = Release|Any CPU
		{1CC6DF73-AC0E-43C9-8B78-7F8023E3AD40}.AppStore|iPhone.ActiveCfg = Release|Any CPU
		{1CC6DF73-AC0E-43C9-8B78-7F8023E3AD40}.AppStore|iPhone.Build.0 = Release|Any CPU
		{1CC6DF73-AC0E-43C9-8B78-7F8023E3AD40}.AppStore|iPhoneSimulator.ActiveCfg = Release|Any CPU
		{1CC6DF73-AC0E-43C9-8B78-7F8023E3AD40}.AppStore|iPhoneSimulator.Build.0 = Release|Any CPU
		{1CC6DF73-AC0E-43C9-8B78-7F8023E3AD40}.AppStore|x64.ActiveCfg = Release|Any CPU
		{1CC6DF73-AC0E-43C9-8B78-7F8023E3AD40}.AppStore|x64.Build.0 = Release|Any CPU
		{1CC6DF73-AC0E-43C9-8B78-7F8023E3AD40}.AppStore|x86.ActiveCfg = Release|x86
		{1CC6DF73-AC0E-43C9-8B78-7F8023E3AD40}.AppStore|x86.Build.0 = Release|x86
		{1CC6DF73-AC0E-43C9-8B78-7F8023E3AD40}.Debug|Any CPU.ActiveCfg = Debug|Any CPU
		{1CC6DF73-AC0E-43C9-8B78-7F8023E3AD40}.Debug|Any CPU.Build.0 = Debug|Any CPU
		{1CC6DF73-AC0E-43C9-8B78-7F8023E3AD40}.Debug|ARM.ActiveCfg = Debug|Any CPU
		{1CC6DF73-AC0E-43C9-8B78-7F8023E3AD40}.Debug|ARM.Build.0 = Debug|Any CPU
		{1CC6DF73-AC0E-43C9-8B78-7F8023E3AD40}.Debug|iPhone.ActiveCfg = Debug|Any CPU
		{1CC6DF73-AC0E-43C9-8B78-7F8023E3AD40}.Debug|iPhone.Build.0 = Debug|Any CPU
		{1CC6DF73-AC0E-43C9-8B78-7F8023E3AD40}.Debug|iPhoneSimulator.ActiveCfg = Debug|Any CPU
		{1CC6DF73-AC0E-43C9-8B78-7F8023E3AD40}.Debug|iPhoneSimulator.Build.0 = Debug|Any CPU
		{1CC6DF73-AC0E-43C9-8B78-7F8023E3AD40}.Debug|x64.ActiveCfg = Debug|Any CPU
		{1CC6DF73-AC0E-43C9-8B78-7F8023E3AD40}.Debug|x64.Build.0 = Debug|Any CPU
		{1CC6DF73-AC0E-43C9-8B78-7F8023E3AD40}.Debug|x86.ActiveCfg = Debug|x86
		{1CC6DF73-AC0E-43C9-8B78-7F8023E3AD40}.Debug|x86.Build.0 = Debug|x86
		{1CC6DF73-AC0E-43C9-8B78-7F8023E3AD40}.Release|Any CPU.ActiveCfg = Release|Any CPU
		{1CC6DF73-AC0E-43C9-8B78-7F8023E3AD40}.Release|Any CPU.Build.0 = Release|Any CPU
		{1CC6DF73-AC0E-43C9-8B78-7F8023E3AD40}.Release|ARM.ActiveCfg = Release|Any CPU
		{1CC6DF73-AC0E-43C9-8B78-7F8023E3AD40}.Release|ARM.Build.0 = Release|Any CPU
		{1CC6DF73-AC0E-43C9-8B78-7F8023E3AD40}.Release|iPhone.ActiveCfg = Release|Any CPU
		{1CC6DF73-AC0E-43C9-8B78-7F8023E3AD40}.Release|iPhone.Build.0 = Release|Any CPU
		{1CC6DF73-AC0E-43C9-8B78-7F8023E3AD40}.Release|iPhoneSimulator.ActiveCfg = Release|Any CPU
		{1CC6DF73-AC0E-43C9-8B78-7F8023E3AD40}.Release|iPhoneSimulator.Build.0 = Release|Any CPU
		{1CC6DF73-AC0E-43C9-8B78-7F8023E3AD40}.Release|x64.ActiveCfg = Release|Any CPU
		{1CC6DF73-AC0E-43C9-8B78-7F8023E3AD40}.Release|x64.Build.0 = Release|Any CPU
		{1CC6DF73-AC0E-43C9-8B78-7F8023E3AD40}.Release|x86.ActiveCfg = Release|x86
		{1CC6DF73-AC0E-43C9-8B78-7F8023E3AD40}.Release|x86.Build.0 = Release|x86
		{84E22892-D45B-4106-9785-93193C7645FD}.Ad-Hoc|Any CPU.ActiveCfg = Release|Any CPU
		{84E22892-D45B-4106-9785-93193C7645FD}.Ad-Hoc|Any CPU.Build.0 = Release|Any CPU
		{84E22892-D45B-4106-9785-93193C7645FD}.Ad-Hoc|ARM.ActiveCfg = Release|Any CPU
		{84E22892-D45B-4106-9785-93193C7645FD}.Ad-Hoc|ARM.Build.0 = Release|Any CPU
		{84E22892-D45B-4106-9785-93193C7645FD}.Ad-Hoc|iPhone.ActiveCfg = Release|Any CPU
		{84E22892-D45B-4106-9785-93193C7645FD}.Ad-Hoc|iPhone.Build.0 = Release|Any CPU
		{84E22892-D45B-4106-9785-93193C7645FD}.Ad-Hoc|iPhoneSimulator.ActiveCfg = Release|Any CPU
		{84E22892-D45B-4106-9785-93193C7645FD}.Ad-Hoc|iPhoneSimulator.Build.0 = Release|Any CPU
		{84E22892-D45B-4106-9785-93193C7645FD}.Ad-Hoc|x64.ActiveCfg = Release|Any CPU
		{84E22892-D45B-4106-9785-93193C7645FD}.Ad-Hoc|x64.Build.0 = Release|Any CPU
		{84E22892-D45B-4106-9785-93193C7645FD}.Ad-Hoc|x86.ActiveCfg = Release|x86
		{84E22892-D45B-4106-9785-93193C7645FD}.Ad-Hoc|x86.Build.0 = Release|x86
		{84E22892-D45B-4106-9785-93193C7645FD}.AppStore|Any CPU.ActiveCfg = Release|Any CPU
		{84E22892-D45B-4106-9785-93193C7645FD}.AppStore|Any CPU.Build.0 = Release|Any CPU
		{84E22892-D45B-4106-9785-93193C7645FD}.AppStore|ARM.ActiveCfg = Release|Any CPU
		{84E22892-D45B-4106-9785-93193C7645FD}.AppStore|ARM.Build.0 = Release|Any CPU
		{84E22892-D45B-4106-9785-93193C7645FD}.AppStore|iPhone.ActiveCfg = Release|Any CPU
		{84E22892-D45B-4106-9785-93193C7645FD}.AppStore|iPhone.Build.0 = Release|Any CPU
		{84E22892-D45B-4106-9785-93193C7645FD}.AppStore|iPhoneSimulator.ActiveCfg = Release|Any CPU
		{84E22892-D45B-4106-9785-93193C7645FD}.AppStore|iPhoneSimulator.Build.0 = Release|Any CPU
		{84E22892-D45B-4106-9785-93193C7645FD}.AppStore|x64.ActiveCfg = Release|Any CPU
		{84E22892-D45B-4106-9785-93193C7645FD}.AppStore|x64.Build.0 = Release|Any CPU
		{84E22892-D45B-4106-9785-93193C7645FD}.AppStore|x86.ActiveCfg = Release|x86
		{84E22892-D45B-4106-9785-93193C7645FD}.AppStore|x86.Build.0 = Release|x86
		{84E22892-D45B-4106-9785-93193C7645FD}.Debug|Any CPU.ActiveCfg = Debug|Any CPU
		{84E22892-D45B-4106-9785-93193C7645FD}.Debug|Any CPU.Build.0 = Debug|Any CPU
		{84E22892-D45B-4106-9785-93193C7645FD}.Debug|ARM.ActiveCfg = Debug|Any CPU
		{84E22892-D45B-4106-9785-93193C7645FD}.Debug|ARM.Build.0 = Debug|Any CPU
		{84E22892-D45B-4106-9785-93193C7645FD}.Debug|iPhone.ActiveCfg = Debug|Any CPU
		{84E22892-D45B-4106-9785-93193C7645FD}.Debug|iPhone.Build.0 = Debug|Any CPU
		{84E22892-D45B-4106-9785-93193C7645FD}.Debug|iPhoneSimulator.ActiveCfg = Debug|Any CPU
		{84E22892-D45B-4106-9785-93193C7645FD}.Debug|iPhoneSimulator.Build.0 = Debug|Any CPU
		{84E22892-D45B-4106-9785-93193C7645FD}.Debug|x64.ActiveCfg = Debug|Any CPU
		{84E22892-D45B-4106-9785-93193C7645FD}.Debug|x64.Build.0 = Debug|Any CPU
		{84E22892-D45B-4106-9785-93193C7645FD}.Debug|x86.ActiveCfg = Debug|x86
		{84E22892-D45B-4106-9785-93193C7645FD}.Debug|x86.Build.0 = Debug|x86
		{84E22892-D45B-4106-9785-93193C7645FD}.Release|Any CPU.ActiveCfg = Release|Any CPU
		{84E22892-D45B-4106-9785-93193C7645FD}.Release|Any CPU.Build.0 = Release|Any CPU
		{84E22892-D45B-4106-9785-93193C7645FD}.Release|ARM.ActiveCfg = Release|Any CPU
		{84E22892-D45B-4106-9785-93193C7645FD}.Release|ARM.Build.0 = Release|Any CPU
		{84E22892-D45B-4106-9785-93193C7645FD}.Release|iPhone.ActiveCfg = Release|Any CPU
		{84E22892-D45B-4106-9785-93193C7645FD}.Release|iPhone.Build.0 = Release|Any CPU
		{84E22892-D45B-4106-9785-93193C7645FD}.Release|iPhoneSimulator.ActiveCfg = Release|Any CPU
		{84E22892-D45B-4106-9785-93193C7645FD}.Release|iPhoneSimulator.Build.0 = Release|Any CPU
		{84E22892-D45B-4106-9785-93193C7645FD}.Release|x64.ActiveCfg = Release|Any CPU
		{84E22892-D45B-4106-9785-93193C7645FD}.Release|x64.Build.0 = Release|Any CPU
		{84E22892-D45B-4106-9785-93193C7645FD}.Release|x86.ActiveCfg = Release|x86
		{84E22892-D45B-4106-9785-93193C7645FD}.Release|x86.Build.0 = Release|x86
		{44A25B27-75C4-4F75-B6C1-DF3203229E59}.Ad-Hoc|Any CPU.ActiveCfg = Release|Any CPU
		{44A25B27-75C4-4F75-B6C1-DF3203229E59}.Ad-Hoc|Any CPU.Build.0 = Release|Any CPU
		{44A25B27-75C4-4F75-B6C1-DF3203229E59}.Ad-Hoc|ARM.ActiveCfg = Release|Any CPU
		{44A25B27-75C4-4F75-B6C1-DF3203229E59}.Ad-Hoc|ARM.Build.0 = Release|Any CPU
		{44A25B27-75C4-4F75-B6C1-DF3203229E59}.Ad-Hoc|iPhone.ActiveCfg = Release|Any CPU
		{44A25B27-75C4-4F75-B6C1-DF3203229E59}.Ad-Hoc|iPhone.Build.0 = Release|Any CPU
		{44A25B27-75C4-4F75-B6C1-DF3203229E59}.Ad-Hoc|iPhoneSimulator.ActiveCfg = Release|Any CPU
		{44A25B27-75C4-4F75-B6C1-DF3203229E59}.Ad-Hoc|iPhoneSimulator.Build.0 = Release|Any CPU
		{44A25B27-75C4-4F75-B6C1-DF3203229E59}.Ad-Hoc|x64.ActiveCfg = Release|Any CPU
		{44A25B27-75C4-4F75-B6C1-DF3203229E59}.Ad-Hoc|x64.Build.0 = Release|Any CPU
		{44A25B27-75C4-4F75-B6C1-DF3203229E59}.Ad-Hoc|x86.ActiveCfg = Release|x86
		{44A25B27-75C4-4F75-B6C1-DF3203229E59}.Ad-Hoc|x86.Build.0 = Release|x86
		{44A25B27-75C4-4F75-B6C1-DF3203229E59}.AppStore|Any CPU.ActiveCfg = Release|Any CPU
		{44A25B27-75C4-4F75-B6C1-DF3203229E59}.AppStore|Any CPU.Build.0 = Release|Any CPU
		{44A25B27-75C4-4F75-B6C1-DF3203229E59}.AppStore|ARM.ActiveCfg = Release|Any CPU
		{44A25B27-75C4-4F75-B6C1-DF3203229E59}.AppStore|ARM.Build.0 = Release|Any CPU
		{44A25B27-75C4-4F75-B6C1-DF3203229E59}.AppStore|iPhone.ActiveCfg = Release|Any CPU
		{44A25B27-75C4-4F75-B6C1-DF3203229E59}.AppStore|iPhone.Build.0 = Release|Any CPU
		{44A25B27-75C4-4F75-B6C1-DF3203229E59}.AppStore|iPhoneSimulator.ActiveCfg = Release|Any CPU
		{44A25B27-75C4-4F75-B6C1-DF3203229E59}.AppStore|iPhoneSimulator.Build.0 = Release|Any CPU
		{44A25B27-75C4-4F75-B6C1-DF3203229E59}.AppStore|x64.ActiveCfg = Release|Any CPU
		{44A25B27-75C4-4F75-B6C1-DF3203229E59}.AppStore|x64.Build.0 = Release|Any CPU
		{44A25B27-75C4-4F75-B6C1-DF3203229E59}.AppStore|x86.ActiveCfg = Release|x86
		{44A25B27-75C4-4F75-B6C1-DF3203229E59}.AppStore|x86.Build.0 = Release|x86
		{44A25B27-75C4-4F75-B6C1-DF3203229E59}.Debug|Any CPU.ActiveCfg = Debug|Any CPU
		{44A25B27-75C4-4F75-B6C1-DF3203229E59}.Debug|Any CPU.Build.0 = Debug|Any CPU
		{44A25B27-75C4-4F75-B6C1-DF3203229E59}.Debug|ARM.ActiveCfg = Debug|Any CPU
		{44A25B27-75C4-4F75-B6C1-DF3203229E59}.Debug|ARM.Build.0 = Debug|Any CPU
		{44A25B27-75C4-4F75-B6C1-DF3203229E59}.Debug|iPhone.ActiveCfg = Debug|Any CPU
		{44A25B27-75C4-4F75-B6C1-DF3203229E59}.Debug|iPhone.Build.0 = Debug|Any CPU
		{44A25B27-75C4-4F75-B6C1-DF3203229E59}.Debug|iPhoneSimulator.ActiveCfg = Debug|Any CPU
		{44A25B27-75C4-4F75-B6C1-DF3203229E59}.Debug|iPhoneSimulator.Build.0 = Debug|Any CPU
		{44A25B27-75C4-4F75-B6C1-DF3203229E59}.Debug|x64.ActiveCfg = Debug|Any CPU
		{44A25B27-75C4-4F75-B6C1-DF3203229E59}.Debug|x64.Build.0 = Debug|Any CPU
		{44A25B27-75C4-4F75-B6C1-DF3203229E59}.Debug|x86.ActiveCfg = Debug|x86
		{44A25B27-75C4-4F75-B6C1-DF3203229E59}.Debug|x86.Build.0 = Debug|x86
		{44A25B27-75C4-4F75-B6C1-DF3203229E59}.Release|Any CPU.ActiveCfg = Release|Any CPU
		{44A25B27-75C4-4F75-B6C1-DF3203229E59}.Release|Any CPU.Build.0 = Release|Any CPU
		{44A25B27-75C4-4F75-B6C1-DF3203229E59}.Release|ARM.ActiveCfg = Release|Any CPU
		{44A25B27-75C4-4F75-B6C1-DF3203229E59}.Release|ARM.Build.0 = Release|Any CPU
		{44A25B27-75C4-4F75-B6C1-DF3203229E59}.Release|iPhone.ActiveCfg = Release|Any CPU
		{44A25B27-75C4-4F75-B6C1-DF3203229E59}.Release|iPhone.Build.0 = Release|Any CPU
		{44A25B27-75C4-4F75-B6C1-DF3203229E59}.Release|iPhoneSimulator.ActiveCfg = Release|Any CPU
		{44A25B27-75C4-4F75-B6C1-DF3203229E59}.Release|iPhoneSimulator.Build.0 = Release|Any CPU
		{44A25B27-75C4-4F75-B6C1-DF3203229E59}.Release|x64.ActiveCfg = Release|Any CPU
		{44A25B27-75C4-4F75-B6C1-DF3203229E59}.Release|x64.Build.0 = Release|Any CPU
		{44A25B27-75C4-4F75-B6C1-DF3203229E59}.Release|x86.ActiveCfg = Release|Any CPU
		{109FD55B-E2E7-4014-A932-4DF5DEB23C71}.Ad-Hoc|Any CPU.ActiveCfg = Release|Any CPU
		{109FD55B-E2E7-4014-A932-4DF5DEB23C71}.Ad-Hoc|Any CPU.Build.0 = Release|Any CPU
		{109FD55B-E2E7-4014-A932-4DF5DEB23C71}.Ad-Hoc|ARM.ActiveCfg = Release|Any CPU
		{109FD55B-E2E7-4014-A932-4DF5DEB23C71}.Ad-Hoc|ARM.Build.0 = Release|Any CPU
		{109FD55B-E2E7-4014-A932-4DF5DEB23C71}.Ad-Hoc|iPhone.ActiveCfg = Release|Any CPU
		{109FD55B-E2E7-4014-A932-4DF5DEB23C71}.Ad-Hoc|iPhone.Build.0 = Release|Any CPU
		{109FD55B-E2E7-4014-A932-4DF5DEB23C71}.Ad-Hoc|iPhoneSimulator.ActiveCfg = Release|Any CPU
		{109FD55B-E2E7-4014-A932-4DF5DEB23C71}.Ad-Hoc|iPhoneSimulator.Build.0 = Release|Any CPU
		{109FD55B-E2E7-4014-A932-4DF5DEB23C71}.Ad-Hoc|x64.ActiveCfg = Release|Any CPU
		{109FD55B-E2E7-4014-A932-4DF5DEB23C71}.Ad-Hoc|x64.Build.0 = Release|Any CPU
		{109FD55B-E2E7-4014-A932-4DF5DEB23C71}.Ad-Hoc|x86.ActiveCfg = Release|x86
		{109FD55B-E2E7-4014-A932-4DF5DEB23C71}.Ad-Hoc|x86.Build.0 = Release|x86
		{109FD55B-E2E7-4014-A932-4DF5DEB23C71}.AppStore|Any CPU.ActiveCfg = Release|Any CPU
		{109FD55B-E2E7-4014-A932-4DF5DEB23C71}.AppStore|Any CPU.Build.0 = Release|Any CPU
		{109FD55B-E2E7-4014-A932-4DF5DEB23C71}.AppStore|ARM.ActiveCfg = Release|Any CPU
		{109FD55B-E2E7-4014-A932-4DF5DEB23C71}.AppStore|ARM.Build.0 = Release|Any CPU
		{109FD55B-E2E7-4014-A932-4DF5DEB23C71}.AppStore|iPhone.ActiveCfg = Release|Any CPU
		{109FD55B-E2E7-4014-A932-4DF5DEB23C71}.AppStore|iPhone.Build.0 = Release|Any CPU
		{109FD55B-E2E7-4014-A932-4DF5DEB23C71}.AppStore|iPhoneSimulator.ActiveCfg = Release|Any CPU
		{109FD55B-E2E7-4014-A932-4DF5DEB23C71}.AppStore|iPhoneSimulator.Build.0 = Release|Any CPU
		{109FD55B-E2E7-4014-A932-4DF5DEB23C71}.AppStore|x64.ActiveCfg = Release|Any CPU
		{109FD55B-E2E7-4014-A932-4DF5DEB23C71}.AppStore|x64.Build.0 = Release|Any CPU
		{109FD55B-E2E7-4014-A932-4DF5DEB23C71}.AppStore|x86.ActiveCfg = Release|x86
		{109FD55B-E2E7-4014-A932-4DF5DEB23C71}.AppStore|x86.Build.0 = Release|x86
		{109FD55B-E2E7-4014-A932-4DF5DEB23C71}.Debug|Any CPU.ActiveCfg = Debug|Any CPU
		{109FD55B-E2E7-4014-A932-4DF5DEB23C71}.Debug|Any CPU.Build.0 = Debug|Any CPU
		{109FD55B-E2E7-4014-A932-4DF5DEB23C71}.Debug|ARM.ActiveCfg = Debug|Any CPU
		{109FD55B-E2E7-4014-A932-4DF5DEB23C71}.Debug|ARM.Build.0 = Debug|Any CPU
		{109FD55B-E2E7-4014-A932-4DF5DEB23C71}.Debug|iPhone.ActiveCfg = Debug|Any CPU
		{109FD55B-E2E7-4014-A932-4DF5DEB23C71}.Debug|iPhone.Build.0 = Debug|Any CPU
		{109FD55B-E2E7-4014-A932-4DF5DEB23C71}.Debug|iPhoneSimulator.ActiveCfg = Debug|Any CPU
		{109FD55B-E2E7-4014-A932-4DF5DEB23C71}.Debug|iPhoneSimulator.Build.0 = Debug|Any CPU
		{109FD55B-E2E7-4014-A932-4DF5DEB23C71}.Debug|x64.ActiveCfg = Debug|Any CPU
		{109FD55B-E2E7-4014-A932-4DF5DEB23C71}.Debug|x64.Build.0 = Debug|Any CPU
		{109FD55B-E2E7-4014-A932-4DF5DEB23C71}.Debug|x86.ActiveCfg = Debug|x86
		{109FD55B-E2E7-4014-A932-4DF5DEB23C71}.Debug|x86.Build.0 = Debug|x86
		{109FD55B-E2E7-4014-A932-4DF5DEB23C71}.Release|Any CPU.ActiveCfg = Release|Any CPU
		{109FD55B-E2E7-4014-A932-4DF5DEB23C71}.Release|Any CPU.Build.0 = Release|Any CPU
		{109FD55B-E2E7-4014-A932-4DF5DEB23C71}.Release|ARM.ActiveCfg = Release|Any CPU
		{109FD55B-E2E7-4014-A932-4DF5DEB23C71}.Release|ARM.Build.0 = Release|Any CPU
		{109FD55B-E2E7-4014-A932-4DF5DEB23C71}.Release|iPhone.ActiveCfg = Release|Any CPU
		{109FD55B-E2E7-4014-A932-4DF5DEB23C71}.Release|iPhone.Build.0 = Release|Any CPU
		{109FD55B-E2E7-4014-A932-4DF5DEB23C71}.Release|iPhoneSimulator.ActiveCfg = Release|Any CPU
		{109FD55B-E2E7-4014-A932-4DF5DEB23C71}.Release|iPhoneSimulator.Build.0 = Release|Any CPU
		{109FD55B-E2E7-4014-A932-4DF5DEB23C71}.Release|x64.ActiveCfg = Release|Any CPU
		{109FD55B-E2E7-4014-A932-4DF5DEB23C71}.Release|x64.Build.0 = Release|Any CPU
		{109FD55B-E2E7-4014-A932-4DF5DEB23C71}.Release|x86.ActiveCfg = Release|Any CPU
		{461797DA-B0BE-4BF6-92F1-E0E460598D65}.Ad-Hoc|Any CPU.ActiveCfg = Release|Any CPU
		{461797DA-B0BE-4BF6-92F1-E0E460598D65}.Ad-Hoc|Any CPU.Build.0 = Release|Any CPU
		{461797DA-B0BE-4BF6-92F1-E0E460598D65}.Ad-Hoc|ARM.ActiveCfg = Release|Any CPU
		{461797DA-B0BE-4BF6-92F1-E0E460598D65}.Ad-Hoc|ARM.Build.0 = Release|Any CPU
		{461797DA-B0BE-4BF6-92F1-E0E460598D65}.Ad-Hoc|iPhone.ActiveCfg = Release|Any CPU
		{461797DA-B0BE-4BF6-92F1-E0E460598D65}.Ad-Hoc|iPhone.Build.0 = Release|Any CPU
		{461797DA-B0BE-4BF6-92F1-E0E460598D65}.Ad-Hoc|iPhoneSimulator.ActiveCfg = Release|Any CPU
		{461797DA-B0BE-4BF6-92F1-E0E460598D65}.Ad-Hoc|iPhoneSimulator.Build.0 = Release|Any CPU
		{461797DA-B0BE-4BF6-92F1-E0E460598D65}.Ad-Hoc|x64.ActiveCfg = Release|Any CPU
		{461797DA-B0BE-4BF6-92F1-E0E460598D65}.Ad-Hoc|x64.Build.0 = Release|Any CPU
		{461797DA-B0BE-4BF6-92F1-E0E460598D65}.Ad-Hoc|x86.ActiveCfg = Release|x86
		{461797DA-B0BE-4BF6-92F1-E0E460598D65}.Ad-Hoc|x86.Build.0 = Release|x86
		{461797DA-B0BE-4BF6-92F1-E0E460598D65}.AppStore|Any CPU.ActiveCfg = Release|Any CPU
		{461797DA-B0BE-4BF6-92F1-E0E460598D65}.AppStore|Any CPU.Build.0 = Release|Any CPU
		{461797DA-B0BE-4BF6-92F1-E0E460598D65}.AppStore|ARM.ActiveCfg = Release|Any CPU
		{461797DA-B0BE-4BF6-92F1-E0E460598D65}.AppStore|ARM.Build.0 = Release|Any CPU
		{461797DA-B0BE-4BF6-92F1-E0E460598D65}.AppStore|iPhone.ActiveCfg = Release|Any CPU
		{461797DA-B0BE-4BF6-92F1-E0E460598D65}.AppStore|iPhone.Build.0 = Release|Any CPU
		{461797DA-B0BE-4BF6-92F1-E0E460598D65}.AppStore|iPhoneSimulator.ActiveCfg = Release|Any CPU
		{461797DA-B0BE-4BF6-92F1-E0E460598D65}.AppStore|iPhoneSimulator.Build.0 = Release|Any CPU
		{461797DA-B0BE-4BF6-92F1-E0E460598D65}.AppStore|x64.ActiveCfg = Release|Any CPU
		{461797DA-B0BE-4BF6-92F1-E0E460598D65}.AppStore|x64.Build.0 = Release|Any CPU
		{461797DA-B0BE-4BF6-92F1-E0E460598D65}.AppStore|x86.ActiveCfg = Release|x86
		{461797DA-B0BE-4BF6-92F1-E0E460598D65}.AppStore|x86.Build.0 = Release|x86
		{461797DA-B0BE-4BF6-92F1-E0E460598D65}.Debug|Any CPU.ActiveCfg = Debug|Any CPU
		{461797DA-B0BE-4BF6-92F1-E0E460598D65}.Debug|Any CPU.Build.0 = Debug|Any CPU
		{461797DA-B0BE-4BF6-92F1-E0E460598D65}.Debug|ARM.ActiveCfg = Debug|Any CPU
		{461797DA-B0BE-4BF6-92F1-E0E460598D65}.Debug|ARM.Build.0 = Debug|Any CPU
		{461797DA-B0BE-4BF6-92F1-E0E460598D65}.Debug|iPhone.ActiveCfg = Debug|Any CPU
		{461797DA-B0BE-4BF6-92F1-E0E460598D65}.Debug|iPhone.Build.0 = Debug|Any CPU
		{461797DA-B0BE-4BF6-92F1-E0E460598D65}.Debug|iPhoneSimulator.ActiveCfg = Debug|Any CPU
		{461797DA-B0BE-4BF6-92F1-E0E460598D65}.Debug|iPhoneSimulator.Build.0 = Debug|Any CPU
		{461797DA-B0BE-4BF6-92F1-E0E460598D65}.Debug|x64.ActiveCfg = Debug|Any CPU
		{461797DA-B0BE-4BF6-92F1-E0E460598D65}.Debug|x64.Build.0 = Debug|Any CPU
		{461797DA-B0BE-4BF6-92F1-E0E460598D65}.Debug|x86.ActiveCfg = Debug|x86
		{461797DA-B0BE-4BF6-92F1-E0E460598D65}.Debug|x86.Build.0 = Debug|x86
		{461797DA-B0BE-4BF6-92F1-E0E460598D65}.Release|Any CPU.ActiveCfg = Release|Any CPU
		{461797DA-B0BE-4BF6-92F1-E0E460598D65}.Release|Any CPU.Build.0 = Release|Any CPU
		{461797DA-B0BE-4BF6-92F1-E0E460598D65}.Release|ARM.ActiveCfg = Release|Any CPU
		{461797DA-B0BE-4BF6-92F1-E0E460598D65}.Release|ARM.Build.0 = Release|Any CPU
		{461797DA-B0BE-4BF6-92F1-E0E460598D65}.Release|iPhone.ActiveCfg = Release|Any CPU
		{461797DA-B0BE-4BF6-92F1-E0E460598D65}.Release|iPhone.Build.0 = Release|Any CPU
		{461797DA-B0BE-4BF6-92F1-E0E460598D65}.Release|iPhoneSimulator.ActiveCfg = Release|Any CPU
		{461797DA-B0BE-4BF6-92F1-E0E460598D65}.Release|iPhoneSimulator.Build.0 = Release|Any CPU
		{461797DA-B0BE-4BF6-92F1-E0E460598D65}.Release|x64.ActiveCfg = Release|Any CPU
		{461797DA-B0BE-4BF6-92F1-E0E460598D65}.Release|x64.Build.0 = Release|Any CPU
		{461797DA-B0BE-4BF6-92F1-E0E460598D65}.Release|x86.ActiveCfg = Release|Any CPU
		{4B9A0EBE-F691-49CA-9838-CF5B0A17190C}.Ad-Hoc|Any CPU.ActiveCfg = Debug|Any CPU
		{4B9A0EBE-F691-49CA-9838-CF5B0A17190C}.Ad-Hoc|Any CPU.Build.0 = Debug|Any CPU
		{4B9A0EBE-F691-49CA-9838-CF5B0A17190C}.Ad-Hoc|ARM.ActiveCfg = Debug|Any CPU
		{4B9A0EBE-F691-49CA-9838-CF5B0A17190C}.Ad-Hoc|ARM.Build.0 = Debug|Any CPU
		{4B9A0EBE-F691-49CA-9838-CF5B0A17190C}.Ad-Hoc|iPhone.ActiveCfg = Debug|Any CPU
		{4B9A0EBE-F691-49CA-9838-CF5B0A17190C}.Ad-Hoc|iPhone.Build.0 = Debug|Any CPU
		{4B9A0EBE-F691-49CA-9838-CF5B0A17190C}.Ad-Hoc|iPhoneSimulator.ActiveCfg = Debug|Any CPU
		{4B9A0EBE-F691-49CA-9838-CF5B0A17190C}.Ad-Hoc|iPhoneSimulator.Build.0 = Debug|Any CPU
		{4B9A0EBE-F691-49CA-9838-CF5B0A17190C}.Ad-Hoc|x64.ActiveCfg = Debug|Any CPU
		{4B9A0EBE-F691-49CA-9838-CF5B0A17190C}.Ad-Hoc|x64.Build.0 = Debug|Any CPU
		{4B9A0EBE-F691-49CA-9838-CF5B0A17190C}.Ad-Hoc|x86.ActiveCfg = Debug|Any CPU
		{4B9A0EBE-F691-49CA-9838-CF5B0A17190C}.Ad-Hoc|x86.Build.0 = Debug|Any CPU
		{4B9A0EBE-F691-49CA-9838-CF5B0A17190C}.AppStore|Any CPU.ActiveCfg = Debug|Any CPU
		{4B9A0EBE-F691-49CA-9838-CF5B0A17190C}.AppStore|Any CPU.Build.0 = Debug|Any CPU
		{4B9A0EBE-F691-49CA-9838-CF5B0A17190C}.AppStore|ARM.ActiveCfg = Debug|Any CPU
		{4B9A0EBE-F691-49CA-9838-CF5B0A17190C}.AppStore|ARM.Build.0 = Debug|Any CPU
		{4B9A0EBE-F691-49CA-9838-CF5B0A17190C}.AppStore|iPhone.ActiveCfg = Debug|Any CPU
		{4B9A0EBE-F691-49CA-9838-CF5B0A17190C}.AppStore|iPhone.Build.0 = Debug|Any CPU
		{4B9A0EBE-F691-49CA-9838-CF5B0A17190C}.AppStore|iPhoneSimulator.ActiveCfg = Debug|Any CPU
		{4B9A0EBE-F691-49CA-9838-CF5B0A17190C}.AppStore|iPhoneSimulator.Build.0 = Debug|Any CPU
		{4B9A0EBE-F691-49CA-9838-CF5B0A17190C}.AppStore|x64.ActiveCfg = Debug|Any CPU
		{4B9A0EBE-F691-49CA-9838-CF5B0A17190C}.AppStore|x64.Build.0 = Debug|Any CPU
		{4B9A0EBE-F691-49CA-9838-CF5B0A17190C}.AppStore|x86.ActiveCfg = Debug|Any CPU
		{4B9A0EBE-F691-49CA-9838-CF5B0A17190C}.AppStore|x86.Build.0 = Debug|Any CPU
		{4B9A0EBE-F691-49CA-9838-CF5B0A17190C}.Debug|Any CPU.ActiveCfg = Debug|Any CPU
		{4B9A0EBE-F691-49CA-9838-CF5B0A17190C}.Debug|Any CPU.Build.0 = Debug|Any CPU
		{4B9A0EBE-F691-49CA-9838-CF5B0A17190C}.Debug|ARM.ActiveCfg = Debug|Any CPU
		{4B9A0EBE-F691-49CA-9838-CF5B0A17190C}.Debug|ARM.Build.0 = Debug|Any CPU
		{4B9A0EBE-F691-49CA-9838-CF5B0A17190C}.Debug|iPhone.ActiveCfg = Debug|Any CPU
		{4B9A0EBE-F691-49CA-9838-CF5B0A17190C}.Debug|iPhone.Build.0 = Debug|Any CPU
		{4B9A0EBE-F691-49CA-9838-CF5B0A17190C}.Debug|iPhoneSimulator.ActiveCfg = Debug|Any CPU
		{4B9A0EBE-F691-49CA-9838-CF5B0A17190C}.Debug|iPhoneSimulator.Build.0 = Debug|Any CPU
		{4B9A0EBE-F691-49CA-9838-CF5B0A17190C}.Debug|x64.ActiveCfg = Debug|Any CPU
		{4B9A0EBE-F691-49CA-9838-CF5B0A17190C}.Debug|x64.Build.0 = Debug|Any CPU
		{4B9A0EBE-F691-49CA-9838-CF5B0A17190C}.Debug|x86.ActiveCfg = Debug|Any CPU
		{4B9A0EBE-F691-49CA-9838-CF5B0A17190C}.Debug|x86.Build.0 = Debug|Any CPU
		{4B9A0EBE-F691-49CA-9838-CF5B0A17190C}.Release|Any CPU.ActiveCfg = Debug|Any CPU
		{4B9A0EBE-F691-49CA-9838-CF5B0A17190C}.Release|Any CPU.Build.0 = Debug|Any CPU
		{4B9A0EBE-F691-49CA-9838-CF5B0A17190C}.Release|ARM.ActiveCfg = Debug|Any CPU
		{4B9A0EBE-F691-49CA-9838-CF5B0A17190C}.Release|ARM.Build.0 = Debug|Any CPU
		{4B9A0EBE-F691-49CA-9838-CF5B0A17190C}.Release|iPhone.ActiveCfg = Debug|Any CPU
		{4B9A0EBE-F691-49CA-9838-CF5B0A17190C}.Release|iPhone.Build.0 = Debug|Any CPU
		{4B9A0EBE-F691-49CA-9838-CF5B0A17190C}.Release|iPhoneSimulator.ActiveCfg = Debug|Any CPU
		{4B9A0EBE-F691-49CA-9838-CF5B0A17190C}.Release|iPhoneSimulator.Build.0 = Debug|Any CPU
		{4B9A0EBE-F691-49CA-9838-CF5B0A17190C}.Release|x64.ActiveCfg = Debug|Any CPU
		{4B9A0EBE-F691-49CA-9838-CF5B0A17190C}.Release|x64.Build.0 = Debug|Any CPU
		{4B9A0EBE-F691-49CA-9838-CF5B0A17190C}.Release|x86.ActiveCfg = Debug|Any CPU
		{B3ECCD1D-3EF7-4928-86B4-29817E6BADFD}.Ad-Hoc|Any CPU.ActiveCfg = Release|Any CPU
		{B3ECCD1D-3EF7-4928-86B4-29817E6BADFD}.Ad-Hoc|Any CPU.Build.0 = Release|Any CPU
		{B3ECCD1D-3EF7-4928-86B4-29817E6BADFD}.Ad-Hoc|ARM.ActiveCfg = Release|Any CPU
		{B3ECCD1D-3EF7-4928-86B4-29817E6BADFD}.Ad-Hoc|ARM.Build.0 = Release|Any CPU
		{B3ECCD1D-3EF7-4928-86B4-29817E6BADFD}.Ad-Hoc|iPhone.ActiveCfg = Release|Any CPU
		{B3ECCD1D-3EF7-4928-86B4-29817E6BADFD}.Ad-Hoc|iPhone.Build.0 = Release|Any CPU
		{B3ECCD1D-3EF7-4928-86B4-29817E6BADFD}.Ad-Hoc|iPhoneSimulator.ActiveCfg = Release|Any CPU
		{B3ECCD1D-3EF7-4928-86B4-29817E6BADFD}.Ad-Hoc|iPhoneSimulator.Build.0 = Release|Any CPU
		{B3ECCD1D-3EF7-4928-86B4-29817E6BADFD}.Ad-Hoc|x64.ActiveCfg = Release|Any CPU
		{B3ECCD1D-3EF7-4928-86B4-29817E6BADFD}.Ad-Hoc|x64.Build.0 = Release|Any CPU
		{B3ECCD1D-3EF7-4928-86B4-29817E6BADFD}.Ad-Hoc|x86.ActiveCfg = Release|Any CPU
		{B3ECCD1D-3EF7-4928-86B4-29817E6BADFD}.Ad-Hoc|x86.Build.0 = Release|Any CPU
		{B3ECCD1D-3EF7-4928-86B4-29817E6BADFD}.AppStore|Any CPU.ActiveCfg = Release|Any CPU
		{B3ECCD1D-3EF7-4928-86B4-29817E6BADFD}.AppStore|Any CPU.Build.0 = Release|Any CPU
		{B3ECCD1D-3EF7-4928-86B4-29817E6BADFD}.AppStore|ARM.ActiveCfg = Release|Any CPU
		{B3ECCD1D-3EF7-4928-86B4-29817E6BADFD}.AppStore|ARM.Build.0 = Release|Any CPU
		{B3ECCD1D-3EF7-4928-86B4-29817E6BADFD}.AppStore|iPhone.ActiveCfg = Release|Any CPU
		{B3ECCD1D-3EF7-4928-86B4-29817E6BADFD}.AppStore|iPhone.Build.0 = Release|Any CPU
		{B3ECCD1D-3EF7-4928-86B4-29817E6BADFD}.AppStore|iPhoneSimulator.ActiveCfg = Release|Any CPU
		{B3ECCD1D-3EF7-4928-86B4-29817E6BADFD}.AppStore|iPhoneSimulator.Build.0 = Release|Any CPU
		{B3ECCD1D-3EF7-4928-86B4-29817E6BADFD}.AppStore|x64.ActiveCfg = Release|Any CPU
		{B3ECCD1D-3EF7-4928-86B4-29817E6BADFD}.AppStore|x64.Build.0 = Release|Any CPU
		{B3ECCD1D-3EF7-4928-86B4-29817E6BADFD}.AppStore|x86.ActiveCfg = Release|Any CPU
		{B3ECCD1D-3EF7-4928-86B4-29817E6BADFD}.AppStore|x86.Build.0 = Release|Any CPU
		{B3ECCD1D-3EF7-4928-86B4-29817E6BADFD}.Debug|Any CPU.ActiveCfg = Debug|Any CPU
		{B3ECCD1D-3EF7-4928-86B4-29817E6BADFD}.Debug|Any CPU.Build.0 = Debug|Any CPU
		{B3ECCD1D-3EF7-4928-86B4-29817E6BADFD}.Debug|ARM.ActiveCfg = Debug|Any CPU
		{B3ECCD1D-3EF7-4928-86B4-29817E6BADFD}.Debug|ARM.Build.0 = Debug|Any CPU
		{B3ECCD1D-3EF7-4928-86B4-29817E6BADFD}.Debug|iPhone.ActiveCfg = Debug|Any CPU
		{B3ECCD1D-3EF7-4928-86B4-29817E6BADFD}.Debug|iPhone.Build.0 = Debug|Any CPU
		{B3ECCD1D-3EF7-4928-86B4-29817E6BADFD}.Debug|iPhoneSimulator.ActiveCfg = Debug|Any CPU
		{B3ECCD1D-3EF7-4928-86B4-29817E6BADFD}.Debug|iPhoneSimulator.Build.0 = Debug|Any CPU
		{B3ECCD1D-3EF7-4928-86B4-29817E6BADFD}.Debug|x64.ActiveCfg = Debug|Any CPU
		{B3ECCD1D-3EF7-4928-86B4-29817E6BADFD}.Debug|x64.Build.0 = Debug|Any CPU
		{B3ECCD1D-3EF7-4928-86B4-29817E6BADFD}.Debug|x86.ActiveCfg = Debug|Any CPU
		{B3ECCD1D-3EF7-4928-86B4-29817E6BADFD}.Release|Any CPU.ActiveCfg = Release|Any CPU
		{B3ECCD1D-3EF7-4928-86B4-29817E6BADFD}.Release|Any CPU.Build.0 = Release|Any CPU
		{B3ECCD1D-3EF7-4928-86B4-29817E6BADFD}.Release|ARM.ActiveCfg = Release|Any CPU
		{B3ECCD1D-3EF7-4928-86B4-29817E6BADFD}.Release|ARM.Build.0 = Release|Any CPU
		{B3ECCD1D-3EF7-4928-86B4-29817E6BADFD}.Release|iPhone.ActiveCfg = Release|Any CPU
		{B3ECCD1D-3EF7-4928-86B4-29817E6BADFD}.Release|iPhone.Build.0 = Release|Any CPU
		{B3ECCD1D-3EF7-4928-86B4-29817E6BADFD}.Release|iPhoneSimulator.ActiveCfg = Release|Any CPU
		{B3ECCD1D-3EF7-4928-86B4-29817E6BADFD}.Release|iPhoneSimulator.Build.0 = Release|Any CPU
		{B3ECCD1D-3EF7-4928-86B4-29817E6BADFD}.Release|x64.ActiveCfg = Release|Any CPU
		{B3ECCD1D-3EF7-4928-86B4-29817E6BADFD}.Release|x64.Build.0 = Release|Any CPU
		{B3ECCD1D-3EF7-4928-86B4-29817E6BADFD}.Release|x86.ActiveCfg = Release|Any CPU
		{60CBD334-7816-432D-ADBD-EB00933F12E5}.Ad-Hoc|Any CPU.ActiveCfg = Release|Any CPU
		{60CBD334-7816-432D-ADBD-EB00933F12E5}.Ad-Hoc|Any CPU.Build.0 = Release|Any CPU
		{60CBD334-7816-432D-ADBD-EB00933F12E5}.Ad-Hoc|ARM.ActiveCfg = Release|Any CPU
		{60CBD334-7816-432D-ADBD-EB00933F12E5}.Ad-Hoc|ARM.Build.0 = Release|Any CPU
		{60CBD334-7816-432D-ADBD-EB00933F12E5}.Ad-Hoc|iPhone.ActiveCfg = Release|Any CPU
		{60CBD334-7816-432D-ADBD-EB00933F12E5}.Ad-Hoc|iPhone.Build.0 = Release|Any CPU
		{60CBD334-7816-432D-ADBD-EB00933F12E5}.Ad-Hoc|iPhoneSimulator.ActiveCfg = Release|Any CPU
		{60CBD334-7816-432D-ADBD-EB00933F12E5}.Ad-Hoc|iPhoneSimulator.Build.0 = Release|Any CPU
		{60CBD334-7816-432D-ADBD-EB00933F12E5}.Ad-Hoc|x64.ActiveCfg = Release|Any CPU
		{60CBD334-7816-432D-ADBD-EB00933F12E5}.Ad-Hoc|x64.Build.0 = Release|Any CPU
		{60CBD334-7816-432D-ADBD-EB00933F12E5}.Ad-Hoc|x86.ActiveCfg = Release|Any CPU
		{60CBD334-7816-432D-ADBD-EB00933F12E5}.Ad-Hoc|x86.Build.0 = Release|Any CPU
		{60CBD334-7816-432D-ADBD-EB00933F12E5}.AppStore|Any CPU.ActiveCfg = Release|Any CPU
		{60CBD334-7816-432D-ADBD-EB00933F12E5}.AppStore|Any CPU.Build.0 = Release|Any CPU
		{60CBD334-7816-432D-ADBD-EB00933F12E5}.AppStore|ARM.ActiveCfg = Release|Any CPU
		{60CBD334-7816-432D-ADBD-EB00933F12E5}.AppStore|ARM.Build.0 = Release|Any CPU
		{60CBD334-7816-432D-ADBD-EB00933F12E5}.AppStore|iPhone.ActiveCfg = Release|Any CPU
		{60CBD334-7816-432D-ADBD-EB00933F12E5}.AppStore|iPhone.Build.0 = Release|Any CPU
		{60CBD334-7816-432D-ADBD-EB00933F12E5}.AppStore|iPhoneSimulator.ActiveCfg = Release|Any CPU
		{60CBD334-7816-432D-ADBD-EB00933F12E5}.AppStore|iPhoneSimulator.Build.0 = Release|Any CPU
		{60CBD334-7816-432D-ADBD-EB00933F12E5}.AppStore|x64.ActiveCfg = Release|Any CPU
		{60CBD334-7816-432D-ADBD-EB00933F12E5}.AppStore|x64.Build.0 = Release|Any CPU
		{60CBD334-7816-432D-ADBD-EB00933F12E5}.AppStore|x86.ActiveCfg = Release|Any CPU
		{60CBD334-7816-432D-ADBD-EB00933F12E5}.AppStore|x86.Build.0 = Release|Any CPU
		{60CBD334-7816-432D-ADBD-EB00933F12E5}.Debug|Any CPU.ActiveCfg = Debug|Any CPU
		{60CBD334-7816-432D-ADBD-EB00933F12E5}.Debug|Any CPU.Build.0 = Debug|Any CPU
		{60CBD334-7816-432D-ADBD-EB00933F12E5}.Debug|ARM.ActiveCfg = Debug|Any CPU
		{60CBD334-7816-432D-ADBD-EB00933F12E5}.Debug|ARM.Build.0 = Debug|Any CPU
		{60CBD334-7816-432D-ADBD-EB00933F12E5}.Debug|iPhone.ActiveCfg = Debug|Any CPU
		{60CBD334-7816-432D-ADBD-EB00933F12E5}.Debug|iPhone.Build.0 = Debug|Any CPU
		{60CBD334-7816-432D-ADBD-EB00933F12E5}.Debug|iPhoneSimulator.ActiveCfg = Debug|Any CPU
		{60CBD334-7816-432D-ADBD-EB00933F12E5}.Debug|iPhoneSimulator.Build.0 = Debug|Any CPU
		{60CBD334-7816-432D-ADBD-EB00933F12E5}.Debug|x64.ActiveCfg = Debug|Any CPU
		{60CBD334-7816-432D-ADBD-EB00933F12E5}.Debug|x64.Build.0 = Debug|Any CPU
		{60CBD334-7816-432D-ADBD-EB00933F12E5}.Debug|x86.ActiveCfg = Debug|Any CPU
		{60CBD334-7816-432D-ADBD-EB00933F12E5}.Debug|x86.Build.0 = Debug|Any CPU
		{60CBD334-7816-432D-ADBD-EB00933F12E5}.Release|Any CPU.ActiveCfg = Release|Any CPU
		{60CBD334-7816-432D-ADBD-EB00933F12E5}.Release|Any CPU.Build.0 = Release|Any CPU
		{60CBD334-7816-432D-ADBD-EB00933F12E5}.Release|ARM.ActiveCfg = Release|Any CPU
		{60CBD334-7816-432D-ADBD-EB00933F12E5}.Release|ARM.Build.0 = Release|Any CPU
		{60CBD334-7816-432D-ADBD-EB00933F12E5}.Release|iPhone.ActiveCfg = Release|Any CPU
		{60CBD334-7816-432D-ADBD-EB00933F12E5}.Release|iPhone.Build.0 = Release|Any CPU
		{60CBD334-7816-432D-ADBD-EB00933F12E5}.Release|iPhoneSimulator.ActiveCfg = Release|Any CPU
		{60CBD334-7816-432D-ADBD-EB00933F12E5}.Release|iPhoneSimulator.Build.0 = Release|Any CPU
		{60CBD334-7816-432D-ADBD-EB00933F12E5}.Release|x64.ActiveCfg = Release|Any CPU
		{60CBD334-7816-432D-ADBD-EB00933F12E5}.Release|x64.Build.0 = Release|Any CPU
		{60CBD334-7816-432D-ADBD-EB00933F12E5}.Release|x86.ActiveCfg = Release|Any CPU
		{60CBD334-7816-432D-ADBD-EB00933F12E5}.Release|x86.Build.0 = Release|Any CPU
	EndGlobalSection
	GlobalSection(SolutionProperties) = preSolution
		HideSolutionNode = FALSE
	EndGlobalSection
	GlobalSection(NestedProjects) = preSolution
		{B3ECCD1D-3EF7-4928-86B4-29817E6BADFD} = {9721E4B0-26D2-4950-A369-71D68D63562D}
	EndGlobalSection
	GlobalSection(ExtensibilityGlobals) = postSolution
		SolutionGuid = {1AB52F91-7BAE-44C2-9CD5-D43948781D74}
	EndGlobalSection
EndGlobal
